{
    "version": 3,
    "terraform_version": "0.11.10",
    "serial": 158,
    "lineage": "b2b15621-ddea-64b9-beb0-3654d720f063",
    "modules": [
        {
            "path": [
                "root"
            ],
            "outputs": {
                "cluster_name": {
                    "sensitive": false,
                    "type": "string",
                    "value": "nhs_apim_eks_cluster-terraform"
                },
                "config_aws_map": {
                    "sensitive": false,
                    "type": "string",
                    "value": "apiVersion: v1\nkind: ConfigMap\nmetadata:\n  name: aws-auth\n  namespace: kube-system\ndata:\n  mapRoles: |\n    - rolearn: arn:aws:iam::755431656685:role/nhs_apim_eks_cluster-terraform-worker-role\n      username: system:node:{{EC2PrivateDNSName}}\n      groups:\n        - system:bootstrappers\n        - system:nodes\n    - rolearn: arn:aws:iam::755431656685:role/nhs_apim_eks_cluster-terraform-master\n      username: system:node:{{EC2PrivateDNSName}}\n      groups:\n        - system:bootstrappers\n        - system:nodes\n  mapUsers: |\n    - userarn: arn:aws:iam::455198256385:user/Bibek\n      username: Bibek\n      groups: \n        - system:masters\n    - userarn: arn:aws:iam::455198256385:user/EKSCluster\n      username: EKSCluster\n      groups:\n        - system:masters\n"
                },
                "kubeconfig": {
                    "sensitive": false,
                    "type": "string",
                    "value": "apiVersion: v1\nclusters:\n- cluster:\n    server: https://3D8D112B9731DCC160DB152400E2F510.yl4.eu-west-1.eks.amazonaws.com\n    certificate-authority-data: LS0tLS1CRUdJTiBDRVJUSUZJQ0FURS0tLS0tCk1JSUN5RENDQWJDZ0F3SUJBZ0lCQURBTkJna3Foa2lHOXcwQkFRc0ZBREFWTVJNd0VRWURWUVFERXdwcmRXSmwKY201bGRHVnpNQjRYRFRFNE1USXlNREV5TURneE1sb1hEVEk0TVRJeE56RXlNRGd4TWxvd0ZURVRNQkVHQTFVRQpBeE1LYTNWaVpYSnVaWFJsY3pDQ0FTSXdEUVlKS29aSWh2Y05BUUVCQlFBRGdnRVBBRENDQVFvQ2dnRUJBTDNHCmt2Y1hMd3VLMXVIZlJTeCtUbWNaOXhRY1VNRzFqQ1dJMXhCdXljRVhvOWs3WjV0SHoxN0tlM3Qrbk9hU1FxbzkKK2w3K0pGdGtoci9MSms4bEg2LzFZblJjcmVuKzlVSW5mNHBqaTEwNHFLMiszMzBWcFpRSnRhdWVWN05PZ1VUSgpwMWZrczdKb3k4OWh3dThOb2NzOGRlOEZ4My9iVHUwSm1Kc0tObnJ2Umt2SXdaSGVYTkNaRlAxbmRDa0E3V3cwCnlmK0dKbFg0bmJtbzREYUs2eEtTTW5meDlYTEJvSWUwaFVoZXZldncvQ2plVERVMnYycTFRbDhIcFkvUzRpZUIKTVRmVXFraHdCU3JVODNpVDBOaEpHZzNEbWVxSFB2Ris3U3FiYW96cWRON2JpUEFjV0U3Mll1cENVWVg0K0t4cwpKL3hQemJXY3hrRWRDeHRldHRFQ0F3RUFBYU1qTUNFd0RnWURWUjBQQVFIL0JBUURBZ0trTUE4R0ExVWRFd0VCCi93UUZNQU1CQWY4d0RRWUpLb1pJaHZjTkFRRUxCUUFEZ2dFQkFIcVduYmtlYmwyVk9yWW1vV3lORFE2dkVMUjQKMytyaXE4NU4xUHJFQlNueFlOcE5aL3FTMGpCc0UzTHg1eU9wRWtCWUMwMmlQTmVqZ3UzTEVvTytTa2pMWXdlaQozU3BGTUVNcUcyS2RycXh5djc2VnByd2phZnE1WmkyRnRzaHRuQzU5ejhVWHVteDBTU2d2d0EySTBZVFJ6ZG1LCkVIcHdyNGtVUzdSVkFZWTArc041YVY5SFBYUWRoQm0rcTlSMWhGK3RoYlRVUThXWkpPV3VRaU5qc2RTS01MdngKREF1UGIvcVhnZXFLdldHT3RSN3hTRHUrMHdpZ1BIV0V0dHZVMU5VYzdWQkU2VHY4OHNpSnJjRXFOTDhmRjdhbgo5U0VRSWNJSWpFVTRnK1pDV1RNZk5uM2N5amlxRGs2bHQzTFFTWTJsNVBFWHFhNXl0dDRRRkNma3RTMD0KLS0tLS1FTkQgQ0VSVElGSUNBVEUtLS0tLQo=\n  name: kubernetes\ncontexts:\n- context:\n    cluster: kubernetes\n    user: aws\n  name: aws\ncurrent-context: aws\nkind: Config\npreferences: {}\nusers:\n- name: aws\n  user:\n    exec:\n      apiVersion: client.authentication.k8s.io/v1alpha1\n      command: aws-iam-authenticator\n      args:\n        - \"token\"\n        - \"-i\"\n        - \"nhs_apim_eks_cluster-terraform\"\n"
                }
            },
            "resources": {},
            "depends_on": []
        },
        {
            "path": [
                "root",
                "eks_cluster"
            ],
            "outputs": {
                "config_aws_map": {
                    "sensitive": false,
                    "type": "string",
                    "value": "apiVersion: v1\nkind: ConfigMap\nmetadata:\n  name: aws-auth\n  namespace: kube-system\ndata:\n  mapRoles: |\n    - rolearn: arn:aws:iam::755431656685:role/nhs_apim_eks_cluster-terraform-worker-role\n      username: system:node:{{EC2PrivateDNSName}}\n      groups:\n        - system:bootstrappers\n        - system:nodes\n    - rolearn: arn:aws:iam::755431656685:role/nhs_apim_eks_cluster-terraform-master\n      username: system:node:{{EC2PrivateDNSName}}\n      groups:\n        - system:bootstrappers\n        - system:nodes\n  mapUsers: |\n    - userarn: arn:aws:iam::455198256385:user/Bibek\n      username: Bibek\n      groups: \n        - system:masters\n    - userarn: arn:aws:iam::455198256385:user/EKSCluster\n      username: EKSCluster\n      groups:\n        - system:masters\n"
                },
                "eks_cluster_name": {
                    "sensitive": false,
                    "type": "string",
                    "value": "nhs_apim_eks_cluster-terraform"
                },
                "kubeconfig": {
                    "sensitive": false,
                    "type": "string",
                    "value": "apiVersion: v1\nclusters:\n- cluster:\n    server: https://3D8D112B9731DCC160DB152400E2F510.yl4.eu-west-1.eks.amazonaws.com\n    certificate-authority-data: LS0tLS1CRUdJTiBDRVJUSUZJQ0FURS0tLS0tCk1JSUN5RENDQWJDZ0F3SUJBZ0lCQURBTkJna3Foa2lHOXcwQkFRc0ZBREFWTVJNd0VRWURWUVFERXdwcmRXSmwKY201bGRHVnpNQjRYRFRFNE1USXlNREV5TURneE1sb1hEVEk0TVRJeE56RXlNRGd4TWxvd0ZURVRNQkVHQTFVRQpBeE1LYTNWaVpYSnVaWFJsY3pDQ0FTSXdEUVlKS29aSWh2Y05BUUVCQlFBRGdnRVBBRENDQVFvQ2dnRUJBTDNHCmt2Y1hMd3VLMXVIZlJTeCtUbWNaOXhRY1VNRzFqQ1dJMXhCdXljRVhvOWs3WjV0SHoxN0tlM3Qrbk9hU1FxbzkKK2w3K0pGdGtoci9MSms4bEg2LzFZblJjcmVuKzlVSW5mNHBqaTEwNHFLMiszMzBWcFpRSnRhdWVWN05PZ1VUSgpwMWZrczdKb3k4OWh3dThOb2NzOGRlOEZ4My9iVHUwSm1Kc0tObnJ2Umt2SXdaSGVYTkNaRlAxbmRDa0E3V3cwCnlmK0dKbFg0bmJtbzREYUs2eEtTTW5meDlYTEJvSWUwaFVoZXZldncvQ2plVERVMnYycTFRbDhIcFkvUzRpZUIKTVRmVXFraHdCU3JVODNpVDBOaEpHZzNEbWVxSFB2Ris3U3FiYW96cWRON2JpUEFjV0U3Mll1cENVWVg0K0t4cwpKL3hQemJXY3hrRWRDeHRldHRFQ0F3RUFBYU1qTUNFd0RnWURWUjBQQVFIL0JBUURBZ0trTUE4R0ExVWRFd0VCCi93UUZNQU1CQWY4d0RRWUpLb1pJaHZjTkFRRUxCUUFEZ2dFQkFIcVduYmtlYmwyVk9yWW1vV3lORFE2dkVMUjQKMytyaXE4NU4xUHJFQlNueFlOcE5aL3FTMGpCc0UzTHg1eU9wRWtCWUMwMmlQTmVqZ3UzTEVvTytTa2pMWXdlaQozU3BGTUVNcUcyS2RycXh5djc2VnByd2phZnE1WmkyRnRzaHRuQzU5ejhVWHVteDBTU2d2d0EySTBZVFJ6ZG1LCkVIcHdyNGtVUzdSVkFZWTArc041YVY5SFBYUWRoQm0rcTlSMWhGK3RoYlRVUThXWkpPV3VRaU5qc2RTS01MdngKREF1UGIvcVhnZXFLdldHT3RSN3hTRHUrMHdpZ1BIV0V0dHZVMU5VYzdWQkU2VHY4OHNpSnJjRXFOTDhmRjdhbgo5U0VRSWNJSWpFVTRnK1pDV1RNZk5uM2N5amlxRGs2bHQzTFFTWTJsNVBFWHFhNXl0dDRRRkNma3RTMD0KLS0tLS1FTkQgQ0VSVElGSUNBVEUtLS0tLQo=\n  name: kubernetes\ncontexts:\n- context:\n    cluster: kubernetes\n    user: aws\n  name: aws\ncurrent-context: aws\nkind: Config\npreferences: {}\nusers:\n- name: aws\n  user:\n    exec:\n      apiVersion: client.authentication.k8s.io/v1alpha1\n      command: aws-iam-authenticator\n      args:\n        - \"token\"\n        - \"-i\"\n        - \"nhs_apim_eks_cluster-terraform\"\n"
                },
                "wait_for_workers": {
                    "sensitive": false,
                    "type": "string",
                    "value": "nhs_apim_worker_node"
                }
            },
            "resources": {
                "aws_autoscaling_group.workers": {
                    "type": "aws_autoscaling_group",
                    "depends_on": [
                        "aws_launch_configuration.workers",
                        "aws_subnet.private.*"
                    ],
                    "primary": {
                        "id": "nhs_apim_eks_cluster-terraform_asg",
                        "attributes": {
                            "arn": "arn:aws:autoscaling:eu-west-1:755431656685:autoScalingGroup:4ff436a0-3ff7-4b6c-80ce-f82064bd2ab4:autoScalingGroupName/nhs_apim_eks_cluster-terraform_asg",
                            "availability_zones.#": "2",
                            "availability_zones.1924028850": "eu-west-1b",
                            "availability_zones.3953592328": "eu-west-1a",
                            "default_cooldown": "300",
                            "desired_capacity": "2",
                            "enabled_metrics.#": "0",
                            "force_delete": "false",
                            "health_check_grace_period": "0",
                            "health_check_type": "EC2",
                            "id": "nhs_apim_eks_cluster-terraform_asg",
                            "launch_configuration": "nhs_apim_eks_cluster-terraform20181220121031944800000006",
                            "launch_template.#": "0",
                            "load_balancers.#": "0",
                            "max_size": "2",
                            "metrics_granularity": "1Minute",
                            "min_size": "1",
                            "mixed_instances_policy.#": "0",
                            "name": "nhs_apim_eks_cluster-terraform_asg",
                            "placement_group": "",
                            "protect_from_scale_in": "false",
                            "service_linked_role_arn": "arn:aws:iam::755431656685:role/aws-service-role/autoscaling.amazonaws.com/AWSServiceRoleForAutoScaling",
                            "suspended_processes.#": "0",
                            "tag.#": "2",
                            "tag.340837784.key": "kubernetes.io/cluster/nhs_apim_eks_cluster-terraform",
                            "tag.340837784.propagate_at_launch": "true",
                            "tag.340837784.value": "owned",
                            "tag.3960567094.key": "Name",
                            "tag.3960567094.propagate_at_launch": "true",
                            "tag.3960567094.value": "nhs_apim_worker_node",
                            "target_group_arns.#": "0",
                            "termination_policies.#": "0",
                            "vpc_zone_identifier.#": "2",
                            "vpc_zone_identifier.1610899503": "subnet-07e63cac4a20c280a",
                            "vpc_zone_identifier.1632538167": "subnet-0fbbdbe315118a5e0",
                            "wait_for_capacity_timeout": "10m"
                        },
                        "meta": {
                            "e2bfb730-ecaa-11e6-8f88-34363bc7c4c0": {
                                "delete": 600000000000
                            }
                        },
                        "tainted": false
                    },
                    "deposed": [],
                    "provider": "provider.aws"
                },
                "aws_eip.nat.0": {
                    "type": "aws_eip",
                    "depends_on": [],
                    "primary": {
                        "id": "eipalloc-08f8e7b2fc62ee8fe",
                        "attributes": {
                            "association_id": "",
                            "domain": "vpc",
                            "id": "eipalloc-08f8e7b2fc62ee8fe",
                            "instance": "",
                            "network_interface": "",
                            "private_ip": "",
                            "public_ip": "34.246.55.130",
                            "public_ipv4_pool": "amazon",
                            "tags.%": "1",
                            "tags.Name": "nhs_apim_eks_cluster-terraform-natIp",
                            "vpc": "true"
                        },
                        "meta": {
                            "e2bfb730-ecaa-11e6-8f88-34363bc7c4c0": {
                                "delete": 180000000000,
                                "read": 900000000000,
                                "update": 300000000000
                            }
                        },
                        "tainted": false
                    },
                    "deposed": [],
                    "provider": "provider.aws"
                },
                "aws_eip.nat.1": {
                    "type": "aws_eip",
                    "depends_on": [],
                    "primary": {
                        "id": "eipalloc-036354bc77734e901",
                        "attributes": {
                            "association_id": "",
                            "domain": "vpc",
                            "id": "eipalloc-036354bc77734e901",
                            "instance": "",
                            "network_interface": "",
                            "private_ip": "",
                            "public_ip": "63.33.249.20",
                            "public_ipv4_pool": "amazon",
                            "tags.%": "1",
                            "tags.Name": "nhs_apim_eks_cluster-terraform-natIp",
                            "vpc": "true"
                        },
                        "meta": {
                            "e2bfb730-ecaa-11e6-8f88-34363bc7c4c0": {
                                "delete": 180000000000,
                                "read": 900000000000,
                                "update": 300000000000
                            }
                        },
                        "tainted": false
                    },
                    "deposed": [],
                    "provider": "provider.aws"
                },
                "aws_eks_cluster.eks": {
                    "type": "aws_eks_cluster",
                    "depends_on": [
                        "aws_iam_role.cluster",
                        "aws_iam_role_policy_attachment.cluster-AmazonEKSClusterPolicy",
                        "aws_iam_role_policy_attachment.cluster-AmazonEKSServicePolicy",
                        "aws_security_group.cluster",
                        "aws_subnet.private.*",
                        "aws_subnet.public.*"
                    ],
                    "primary": {
                        "id": "nhs_apim_eks_cluster-terraform",
                        "attributes": {
                            "arn": "arn:aws:eks:eu-west-1:755431656685:cluster/nhs_apim_eks_cluster-terraform",
                            "certificate_authority.#": "1",
                            "certificate_authority.0.data": "LS0tLS1CRUdJTiBDRVJUSUZJQ0FURS0tLS0tCk1JSUN5RENDQWJDZ0F3SUJBZ0lCQURBTkJna3Foa2lHOXcwQkFRc0ZBREFWTVJNd0VRWURWUVFERXdwcmRXSmwKY201bGRHVnpNQjRYRFRFNE1USXlNREV5TURneE1sb1hEVEk0TVRJeE56RXlNRGd4TWxvd0ZURVRNQkVHQTFVRQpBeE1LYTNWaVpYSnVaWFJsY3pDQ0FTSXdEUVlKS29aSWh2Y05BUUVCQlFBRGdnRVBBRENDQVFvQ2dnRUJBTDNHCmt2Y1hMd3VLMXVIZlJTeCtUbWNaOXhRY1VNRzFqQ1dJMXhCdXljRVhvOWs3WjV0SHoxN0tlM3Qrbk9hU1FxbzkKK2w3K0pGdGtoci9MSms4bEg2LzFZblJjcmVuKzlVSW5mNHBqaTEwNHFLMiszMzBWcFpRSnRhdWVWN05PZ1VUSgpwMWZrczdKb3k4OWh3dThOb2NzOGRlOEZ4My9iVHUwSm1Kc0tObnJ2Umt2SXdaSGVYTkNaRlAxbmRDa0E3V3cwCnlmK0dKbFg0bmJtbzREYUs2eEtTTW5meDlYTEJvSWUwaFVoZXZldncvQ2plVERVMnYycTFRbDhIcFkvUzRpZUIKTVRmVXFraHdCU3JVODNpVDBOaEpHZzNEbWVxSFB2Ris3U3FiYW96cWRON2JpUEFjV0U3Mll1cENVWVg0K0t4cwpKL3hQemJXY3hrRWRDeHRldHRFQ0F3RUFBYU1qTUNFd0RnWURWUjBQQVFIL0JBUURBZ0trTUE4R0ExVWRFd0VCCi93UUZNQU1CQWY4d0RRWUpLb1pJaHZjTkFRRUxCUUFEZ2dFQkFIcVduYmtlYmwyVk9yWW1vV3lORFE2dkVMUjQKMytyaXE4NU4xUHJFQlNueFlOcE5aL3FTMGpCc0UzTHg1eU9wRWtCWUMwMmlQTmVqZ3UzTEVvTytTa2pMWXdlaQozU3BGTUVNcUcyS2RycXh5djc2VnByd2phZnE1WmkyRnRzaHRuQzU5ejhVWHVteDBTU2d2d0EySTBZVFJ6ZG1LCkVIcHdyNGtVUzdSVkFZWTArc041YVY5SFBYUWRoQm0rcTlSMWhGK3RoYlRVUThXWkpPV3VRaU5qc2RTS01MdngKREF1UGIvcVhnZXFLdldHT3RSN3hTRHUrMHdpZ1BIV0V0dHZVMU5VYzdWQkU2VHY4OHNpSnJjRXFOTDhmRjdhbgo5U0VRSWNJSWpFVTRnK1pDV1RNZk5uM2N5amlxRGs2bHQzTFFTWTJsNVBFWHFhNXl0dDRRRkNma3RTMD0KLS0tLS1FTkQgQ0VSVElGSUNBVEUtLS0tLQo=",
                            "created_at": "2018-12-20 12:01:37 +0000 UTC",
                            "endpoint": "https://3D8D112B9731DCC160DB152400E2F510.yl4.eu-west-1.eks.amazonaws.com",
                            "id": "nhs_apim_eks_cluster-terraform",
                            "name": "nhs_apim_eks_cluster-terraform",
                            "platform_version": "eks.1",
                            "role_arn": "arn:aws:iam::755431656685:role/nhs_apim_eks_cluster-terraform-master",
                            "version": "1.11",
                            "vpc_config.#": "1",
                            "vpc_config.0.security_group_ids.#": "1",
                            "vpc_config.0.security_group_ids.1724251081": "sg-090bae79476617b80",
                            "vpc_config.0.subnet_ids.#": "4",
                            "vpc_config.0.subnet_ids.2007358292": "subnet-0da91154207bf124b",
                            "vpc_config.0.subnet_ids.3367518096": "subnet-07e63cac4a20c280a",
                            "vpc_config.0.subnet_ids.3676817480": "subnet-0bbe2a7070b0228c9",
                            "vpc_config.0.subnet_ids.3688230184": "subnet-0fbbdbe315118a5e0",
                            "vpc_config.0.vpc_id": "vpc-00719577ee32d5125"
                        },
                        "meta": {
                            "e2bfb730-ecaa-11e6-8f88-34363bc7c4c0": {
                                "create": 900000000000,
                                "delete": 900000000000,
                                "update": 3600000000000
                            }
                        },
                        "tainted": false
                    },
                    "deposed": [],
                    "provider": "provider.aws"
                },
                "aws_iam_instance_profile.workers": {
                    "type": "aws_iam_instance_profile",
                    "depends_on": [
                        "aws_iam_role.workers"
                    ],
                    "primary": {
                        "id": "nhs_apim_worker_node",
                        "attributes": {
                            "arn": "arn:aws:iam::755431656685:instance-profile/nhs_apim_worker_node",
                            "create_date": "2018-12-20T12:01:22Z",
                            "id": "nhs_apim_worker_node",
                            "name": "nhs_apim_worker_node",
                            "path": "/",
                            "role": "nhs_apim_eks_cluster-terraform-worker-role",
                            "roles.#": "0",
                            "unique_id": "AIPAIZE5LXSRBQFHI6SMU"
                        },
                        "meta": {},
                        "tainted": false
                    },
                    "deposed": [],
                    "provider": "provider.aws"
                },
                "aws_iam_role.cluster": {
                    "type": "aws_iam_role",
                    "depends_on": [],
                    "primary": {
                        "id": "nhs_apim_eks_cluster-terraform-master",
                        "attributes": {
                            "arn": "arn:aws:iam::755431656685:role/nhs_apim_eks_cluster-terraform-master",
                            "assume_role_policy": "{\"Version\":\"2012-10-17\",\"Statement\":[{\"Effect\":\"Allow\",\"Principal\":{\"Service\":\"eks.amazonaws.com\"},\"Action\":\"sts:AssumeRole\"}]}",
                            "create_date": "2018-12-20T12:01:21Z",
                            "description": "",
                            "force_detach_policies": "true",
                            "id": "nhs_apim_eks_cluster-terraform-master",
                            "max_session_duration": "3600",
                            "name": "nhs_apim_eks_cluster-terraform-master",
                            "path": "/",
                            "tags.%": "0",
                            "unique_id": "AROAJ4AEMOJ5JL4F4S7PS"
                        },
                        "meta": {},
                        "tainted": false
                    },
                    "deposed": [],
                    "provider": "provider.aws"
                },
                "aws_iam_role.workers": {
                    "type": "aws_iam_role",
                    "depends_on": [],
                    "primary": {
                        "id": "nhs_apim_eks_cluster-terraform-worker-role",
                        "attributes": {
                            "arn": "arn:aws:iam::755431656685:role/nhs_apim_eks_cluster-terraform-worker-role",
                            "assume_role_policy": "{\"Version\":\"2012-10-17\",\"Statement\":[{\"Effect\":\"Allow\",\"Principal\":{\"Service\":\"ec2.amazonaws.com\"},\"Action\":\"sts:AssumeRole\"}]}",
                            "create_date": "2018-12-20T12:01:21Z",
                            "description": "",
                            "force_detach_policies": "true",
                            "id": "nhs_apim_eks_cluster-terraform-worker-role",
                            "max_session_duration": "3600",
                            "name": "nhs_apim_eks_cluster-terraform-worker-role",
                            "path": "/",
                            "tags.%": "0",
                            "unique_id": "AROAJSVLFEL4K2QW5LFRI"
                        },
                        "meta": {},
                        "tainted": false
                    },
                    "deposed": [],
                    "provider": "provider.aws"
                },
                "aws_iam_role_policy_attachment.cluster-AmazonEKSClusterPolicy": {
                    "type": "aws_iam_role_policy_attachment",
                    "depends_on": [
                        "aws_iam_role.cluster"
                    ],
                    "primary": {
                        "id": "nhs_apim_eks_cluster-terraform-master-20181220120127791000000003",
                        "attributes": {
                            "id": "nhs_apim_eks_cluster-terraform-master-20181220120127791000000003",
                            "policy_arn": "arn:aws:iam::aws:policy/AmazonEKSClusterPolicy",
                            "role": "nhs_apim_eks_cluster-terraform-master"
                        },
                        "meta": {},
                        "tainted": false
                    },
                    "deposed": [],
                    "provider": "provider.aws"
                },
                "aws_iam_role_policy_attachment.cluster-AmazonEKSServicePolicy": {
                    "type": "aws_iam_role_policy_attachment",
                    "depends_on": [
                        "aws_iam_role.cluster"
                    ],
                    "primary": {
                        "id": "nhs_apim_eks_cluster-terraform-master-20181220120127793600000004",
                        "attributes": {
                            "id": "nhs_apim_eks_cluster-terraform-master-20181220120127793600000004",
                            "policy_arn": "arn:aws:iam::aws:policy/AmazonEKSServicePolicy",
                            "role": "nhs_apim_eks_cluster-terraform-master"
                        },
                        "meta": {},
                        "tainted": false
                    },
                    "deposed": [],
                    "provider": "provider.aws"
                },
                "aws_iam_role_policy_attachment.workers_AmazonEC2ContainerRegistryReadOnly": {
                    "type": "aws_iam_role_policy_attachment",
                    "depends_on": [
                        "aws_iam_role.workers"
                    ],
                    "primary": {
                        "id": "nhs_apim_eks_cluster-terraform-worker-role-20181220120128144100000005",
                        "attributes": {
                            "id": "nhs_apim_eks_cluster-terraform-worker-role-20181220120128144100000005",
                            "policy_arn": "arn:aws:iam::aws:policy/AmazonEC2ContainerRegistryReadOnly",
                            "role": "nhs_apim_eks_cluster-terraform-worker-role"
                        },
                        "meta": {},
                        "tainted": false
                    },
                    "deposed": [],
                    "provider": "provider.aws"
                },
                "aws_iam_role_policy_attachment.workers_AmazonEKSWorkerNodePolicy": {
                    "type": "aws_iam_role_policy_attachment",
                    "depends_on": [
                        "aws_iam_role.workers"
                    ],
                    "primary": {
                        "id": "nhs_apim_eks_cluster-terraform-worker-role-20181220120127776800000002",
                        "attributes": {
                            "id": "nhs_apim_eks_cluster-terraform-worker-role-20181220120127776800000002",
                            "policy_arn": "arn:aws:iam::aws:policy/AmazonEKSWorkerNodePolicy",
                            "role": "nhs_apim_eks_cluster-terraform-worker-role"
                        },
                        "meta": {},
                        "tainted": false
                    },
                    "deposed": [],
                    "provider": "provider.aws"
                },
                "aws_iam_role_policy_attachment.workers_AmazonEKS_CNI_Policy": {
                    "type": "aws_iam_role_policy_attachment",
                    "depends_on": [
                        "aws_iam_role.workers"
                    ],
                    "primary": {
                        "id": "nhs_apim_eks_cluster-terraform-worker-role-20181220120127772800000001",
                        "attributes": {
                            "id": "nhs_apim_eks_cluster-terraform-worker-role-20181220120127772800000001",
                            "policy_arn": "arn:aws:iam::aws:policy/AmazonEKS_CNI_Policy",
                            "role": "nhs_apim_eks_cluster-terraform-worker-role"
                        },
                        "meta": {},
                        "tainted": false
                    },
                    "deposed": [],
                    "provider": "provider.aws"
                },
                "aws_internet_gateway.igw": {
                    "type": "aws_internet_gateway",
                    "depends_on": [
                        "aws_vpc.vpc"
                    ],
                    "primary": {
                        "id": "igw-04a9418ba54387079",
                        "attributes": {
                            "id": "igw-04a9418ba54387079",
                            "owner_id": "755431656685",
                            "tags.%": "1",
                            "tags.Name": "nhs_apim_eks_cluster-terraform_igw",
                            "vpc_id": "vpc-00719577ee32d5125"
                        },
                        "meta": {},
                        "tainted": false
                    },
                    "deposed": [],
                    "provider": "provider.aws"
                },
                "aws_launch_configuration.workers": {
                    "type": "aws_launch_configuration",
                    "depends_on": [
                        "aws_iam_instance_profile.workers",
                        "aws_security_group.workers",
                        "data.aws_ami.eks-worker-ami",
                        "local.workers-userdata"
                    ],
                    "primary": {
                        "id": "nhs_apim_eks_cluster-terraform20181220121031944800000006",
                        "attributes": {
                            "associate_public_ip_address": "true",
                            "ebs_block_device.#": "0",
                            "ebs_optimized": "false",
                            "enable_monitoring": "true",
                            "ephemeral_block_device.#": "0",
                            "iam_instance_profile": "nhs_apim_worker_node",
                            "id": "nhs_apim_eks_cluster-terraform20181220121031944800000006",
                            "image_id": "ami-00c3b2d35bddd4f5c",
                            "instance_type": "m5.xlarge",
                            "key_name": "",
                            "name": "nhs_apim_eks_cluster-terraform20181220121031944800000006",
                            "name_prefix": "nhs_apim_eks_cluster-terraform",
                            "root_block_device.#": "0",
                            "security_groups.#": "1",
                            "security_groups.1599496486": "sg-0eb1c1da5519f8f06",
                            "spot_price": "",
                            "user_data_base64": "IyEvYmluL2Jhc2ggLXhlCkNBX0NFUlRJRklDQVRFX0RJUkVDVE9SWT0vZXRjL2t1YmVybmV0ZXMvcGtpCkNBX0NFUlRJRklDQVRFX0ZJTEVfUEFUSD0kQ0FfQ0VSVElGSUNBVEVfRElSRUNUT1JZL2NhLmNydApta2RpciAtcCAkQ0FfQ0VSVElGSUNBVEVfRElSRUNUT1JZCmVjaG8gIkxTMHRMUzFDUlVkSlRpQkRSVkpVU1VaSlEwRlVSUzB0TFMwdENrMUpTVU41UkVORFFXSkRaMEYzU1VKQlowbENRVVJCVGtKbmEzRm9hMmxIT1hjd1FrRlJjMFpCUkVGV1RWSk5kMFZSV1VSV1VWRkVSWGR3Y21SWFNtd0tZMjAxYkdSSFZucE5RalJZUkZSRk5FMVVTWGxOUkVWNVRVUm5lRTFzYjFoRVZFazBUVlJKZUU1NlJYbE5SR2Q0VFd4dmQwWlVSVlJOUWtWSFFURlZSUXBCZUUxTFlUTldhVnBZU25WYVdGSnNZM3BEUTBGVFNYZEVVVmxLUzI5YVNXaDJZMDVCVVVWQ1FsRkJSR2RuUlZCQlJFTkRRVkZ2UTJkblJVSkJURE5IQ210MlkxaE1kM1ZMTVhWSVpsSlRlQ3RVYldOYU9YaFJZMVZOUnpGcVExZEpNWGhDZFhsalJWaHZPV3MzV2pWMFNIb3hOMHRsTTNRcmJrOWhVMUZ4YnprS0sydzNLMHBHZEd0b2NpOU1TbXM0YkVnMkx6RlpibEpqY21WdUt6bFZTVzVtTkhCcWFURXdOSEZMTWlzek16QldjRnBSU25SaGRXVldOMDVQWjFWVVNncHdNV1pyY3pkS2IzazRPV2gzZFRoT2IyTnpPR1JsT0VaNE15OWlWSFV3U20xS2MwdE9ibkoyVW10MlNYZGFTR1ZZVGtOYVJsQXhibVJEYTBFM1YzY3dDbmxtSzBkS2JGZzBibUp0YnpSRVlVczJlRXRUVFc1bWVEbFlURUp2U1dVd2FGVm9aWFpsZG5jdlEycGxWRVJWTW5ZeWNURlJiRGhJY0ZrdlV6UnBaVUlLVFZSbVZYRnJhSGRDVTNKVk9ETnBWREJPYUVwSFp6TkViV1Z4U0ZCMlJpczNVM0ZpWVc5NmNXUk9OMkpwVUVGalYwVTNNbGwxY0VOVldWZzBLMHQ0Y3dwS0wzaFFlbUpYWTNoclJXUkRlSFJsZEhSRlEwRjNSVUZCWVUxcVRVTkZkMFJuV1VSV1VqQlFRVkZJTDBKQlVVUkJaMHRyVFVFNFIwRXhWV1JGZDBWQ0NpOTNVVVpOUVUxQ1FXWTRkMFJSV1VwTGIxcEphSFpqVGtGUlJVeENVVUZFWjJkRlFrRkljVmR1WW10bFltd3lWazl5V1cxdlYzbE9SRkUyZGtWTVVqUUtNeXR5YVhFNE5VNHhVSEpGUWxOdWVGbE9jRTVhTDNGVE1HcENjMFV6VEhnMWVVOXdSV3RDV1VNd01tbFFUbVZxWjNVelRFVnZUeXRUYTJwTVdYZGxhUW96VTNCR1RVVk5jVWN5UzJSeWNYaDVkamMyVm5CeWQycGhabkUxV21reVJuUnphSFJ1UXpVNWVqaFZXSFZ0ZURCVFUyZDJkMEV5U1RCWlZGSjZaRzFMQ2tWSWNIZHlOR3RWVXpkU1ZrRlpXVEFyYzA0MVlWWTVTRkJZVVdSb1FtMHJjVGxTTVdoR0szUm9ZbFJWVVRoWFdrcFBWM1ZSYVU1cWMyUlRTMDFNZG5nS1JFRjFVR0l2Y1ZoblpYRkxkbGRIVDNSU04zaFRSSFVyTUhkcFoxQklWMFYwZEhaVk1VNVZZemRXUWtVMlZIWTRPSE5wU25KalJYRk9URGhtUmpkaGJnbzVVMFZSU1dOSlNXcEZWVFJuSzFwRFYxUk5aazV1TTJONWFtbHhSR3MyYkhRelRGRlRXVEpzTlZCRldIRmhOWGwwZERSUlJrTm1hM1JUTUQwS0xTMHRMUzFGVGtRZ1EwVlNWRWxHU1VOQlZFVXRMUzB0TFFvPSIgfCBiYXNlNjQgLWQgPiAgJENBX0NFUlRJRklDQVRFX0ZJTEVfUEFUSApJTlRFUk5BTF9JUD0kKGN1cmwgLXMgaHR0cDovLzE2OS4yNTQuMTY5LjI1NC9sYXRlc3QvbWV0YS1kYXRhL2xvY2FsLWlwdjQpCnNlZCAtaSBzLE1BU1RFUl9FTkRQT0lOVCxodHRwczovLzNEOEQxMTJCOTczMURDQzE2MERCMTUyNDAwRTJGNTEwLnlsNC5ldS13ZXN0LTEuZWtzLmFtYXpvbmF3cy5jb20sZyAvdmFyL2xpYi9rdWJlbGV0L2t1YmVjb25maWcKc2VkIC1pIHMsQ0xVU1RFUl9OQU1FLG5oc19hcGltX2Vrc19jbHVzdGVyLXRlcnJhZm9ybSxnIC92YXIvbGliL2t1YmVsZXQva3ViZWNvbmZpZwpzZWQgLWkgcyxSRUdJT04sZXUtd2VzdC0xLGcgL2V0Yy9zeXN0ZW1kL3N5c3RlbS9rdWJlbGV0LnNlcnZpY2UKc2VkIC1pIHMsTUFYX1BPRFMsMjAsZyAvZXRjL3N5c3RlbWQvc3lzdGVtL2t1YmVsZXQuc2VydmljZQpzZWQgLWkgcyxNQVNURVJfRU5EUE9JTlQsaHR0cHM6Ly8zRDhEMTEyQjk3MzFEQ0MxNjBEQjE1MjQwMEUyRjUxMC55bDQuZXUtd2VzdC0xLmVrcy5hbWF6b25hd3MuY29tLGcgL2V0Yy9zeXN0ZW1kL3N5c3RlbS9rdWJlbGV0LnNlcnZpY2UKc2VkIC1pIHMsSU5URVJOQUxfSVAsJElOVEVSTkFMX0lQLGcgL2V0Yy9zeXN0ZW1kL3N5c3RlbS9rdWJlbGV0LnNlcnZpY2UKRE5TX0NMVVNURVJfSVA9MTAuMTAwLjAuMTAKaWYgW1sgJElOVEVSTkFMX0lQID09IDEwLiogXV0gOyB0aGVuIEROU19DTFVTVEVSX0lQPTE3Mi4yMC4wLjEwOyBmaQpzZWQgLWkgcyxETlNfQ0xVU1RFUl9JUCwkRE5TX0NMVVNURVJfSVAsZyAvZXRjL3N5c3RlbWQvc3lzdGVtL2t1YmVsZXQuc2VydmljZQpzZWQgLWkgcyxDRVJUSUZJQ0FURV9BVVRIT1JJVFlfRklMRSwkQ0FfQ0VSVElGSUNBVEVfRklMRV9QQVRILGcgL3Zhci9saWIva3ViZWxldC9rdWJlY29uZmlnCnNlZCAtaSBzLENMSUVOVF9DQV9GSUxFLCRDQV9DRVJUSUZJQ0FURV9GSUxFX1BBVEgsZyAgL2V0Yy9zeXN0ZW1kL3N5c3RlbS9rdWJlbGV0LnNlcnZpY2UKc3lzdGVtY3RsIGRhZW1vbi1yZWxvYWQKc3lzdGVtY3RsIHJlc3RhcnQga3ViZWxldAo=",
                            "vpc_classic_link_id": "",
                            "vpc_classic_link_security_groups.#": "0"
                        },
                        "meta": {},
                        "tainted": false
                    },
                    "deposed": [],
                    "provider": "provider.aws"
                },
                "aws_nat_gateway.ngw.0": {
                    "type": "aws_nat_gateway",
                    "depends_on": [
                        "aws_eip.nat.*",
                        "aws_internet_gateway.igw",
                        "aws_subnet.public.*"
                    ],
                    "primary": {
                        "id": "nat-0a6d91c2c74682a68",
                        "attributes": {
                            "allocation_id": "eipalloc-08f8e7b2fc62ee8fe",
                            "id": "nat-0a6d91c2c74682a68",
                            "network_interface_id": "eni-064abcb22bc16a7fc",
                            "private_ip": "10.0.0.158",
                            "public_ip": "34.246.55.130",
                            "subnet_id": "subnet-0bbe2a7070b0228c9",
                            "tags.%": "1",
                            "tags.Name": "nhs_apim_eks_cluster-terraform-ngw"
                        },
                        "meta": {},
                        "tainted": false
                    },
                    "deposed": [],
                    "provider": "provider.aws"
                },
                "aws_nat_gateway.ngw.1": {
                    "type": "aws_nat_gateway",
                    "depends_on": [
                        "aws_eip.nat.*",
                        "aws_internet_gateway.igw",
                        "aws_subnet.public.*"
                    ],
                    "primary": {
                        "id": "nat-02aff3439381e50b9",
                        "attributes": {
                            "allocation_id": "eipalloc-036354bc77734e901",
                            "id": "nat-02aff3439381e50b9",
                            "network_interface_id": "eni-0ee217aa30405f591",
                            "private_ip": "10.0.1.147",
                            "public_ip": "63.33.249.20",
                            "subnet_id": "subnet-0da91154207bf124b",
                            "tags.%": "1",
                            "tags.Name": "nhs_apim_eks_cluster-terraform-ngw"
                        },
                        "meta": {},
                        "tainted": false
                    },
                    "deposed": [],
                    "provider": "provider.aws"
                },
                "aws_route_table.privateroute.0": {
                    "type": "aws_route_table",
                    "depends_on": [
                        "aws_nat_gateway.ngw.*",
                        "aws_vpc.vpc"
                    ],
                    "primary": {
                        "id": "rtb-0709a217f3c4c9963",
                        "attributes": {
                            "id": "rtb-0709a217f3c4c9963",
                            "owner_id": "755431656685",
                            "propagating_vgws.#": "0",
                            "route.#": "1",
                            "route.3998281763.cidr_block": "0.0.0.0/0",
                            "route.3998281763.egress_only_gateway_id": "",
                            "route.3998281763.gateway_id": "",
                            "route.3998281763.instance_id": "",
                            "route.3998281763.ipv6_cidr_block": "",
                            "route.3998281763.nat_gateway_id": "nat-0a6d91c2c74682a68",
                            "route.3998281763.network_interface_id": "",
                            "route.3998281763.transit_gateway_id": "",
                            "route.3998281763.vpc_peering_connection_id": "",
                            "tags.%": "1",
                            "tags.Name": "nhs_apim_eks_cluster-terraform-nat-route",
                            "vpc_id": "vpc-00719577ee32d5125"
                        },
                        "meta": {},
                        "tainted": false
                    },
                    "deposed": [],
                    "provider": "provider.aws"
                },
                "aws_route_table.privateroute.1": {
                    "type": "aws_route_table",
                    "depends_on": [
                        "aws_nat_gateway.ngw.*",
                        "aws_vpc.vpc"
                    ],
                    "primary": {
                        "id": "rtb-0af85721b0cd68ae4",
                        "attributes": {
                            "id": "rtb-0af85721b0cd68ae4",
                            "owner_id": "755431656685",
                            "propagating_vgws.#": "0",
                            "route.#": "1",
                            "route.2027269293.cidr_block": "0.0.0.0/0",
                            "route.2027269293.egress_only_gateway_id": "",
                            "route.2027269293.gateway_id": "",
                            "route.2027269293.instance_id": "",
                            "route.2027269293.ipv6_cidr_block": "",
                            "route.2027269293.nat_gateway_id": "nat-02aff3439381e50b9",
                            "route.2027269293.network_interface_id": "",
                            "route.2027269293.transit_gateway_id": "",
                            "route.2027269293.vpc_peering_connection_id": "",
                            "tags.%": "1",
                            "tags.Name": "nhs_apim_eks_cluster-terraform-nat-route",
                            "vpc_id": "vpc-00719577ee32d5125"
                        },
                        "meta": {},
                        "tainted": false
                    },
                    "deposed": [],
                    "provider": "provider.aws"
                },
                "aws_route_table.publicroute": {
                    "type": "aws_route_table",
                    "depends_on": [
                        "aws_internet_gateway.igw",
                        "aws_vpc.vpc"
                    ],
                    "primary": {
                        "id": "rtb-00ae7d4a47671bbac",
                        "attributes": {
                            "id": "rtb-00ae7d4a47671bbac",
                            "owner_id": "755431656685",
                            "propagating_vgws.#": "0",
                            "route.#": "1",
                            "route.1140248595.cidr_block": "0.0.0.0/0",
                            "route.1140248595.egress_only_gateway_id": "",
                            "route.1140248595.gateway_id": "igw-04a9418ba54387079",
                            "route.1140248595.instance_id": "",
                            "route.1140248595.ipv6_cidr_block": "",
                            "route.1140248595.nat_gateway_id": "",
                            "route.1140248595.network_interface_id": "",
                            "route.1140248595.transit_gateway_id": "",
                            "route.1140248595.vpc_peering_connection_id": "",
                            "tags.%": "1",
                            "tags.Name": "nhs_apim_eks_cluster-terraform-igw-route",
                            "vpc_id": "vpc-00719577ee32d5125"
                        },
                        "meta": {},
                        "tainted": false
                    },
                    "deposed": [],
                    "provider": "provider.aws"
                },
                "aws_route_table_association.private-association.0": {
                    "type": "aws_route_table_association",
                    "depends_on": [
                        "aws_route_table.privateroute.*",
                        "aws_subnet.private.*"
                    ],
                    "primary": {
                        "id": "rtbassoc-06cab8cb2a37de328",
                        "attributes": {
                            "id": "rtbassoc-06cab8cb2a37de328",
                            "route_table_id": "rtb-0709a217f3c4c9963",
                            "subnet_id": "subnet-07e63cac4a20c280a"
                        },
                        "meta": {},
                        "tainted": false
                    },
                    "deposed": [],
                    "provider": "provider.aws"
                },
                "aws_route_table_association.private-association.1": {
                    "type": "aws_route_table_association",
                    "depends_on": [
                        "aws_route_table.privateroute.*",
                        "aws_subnet.private.*"
                    ],
                    "primary": {
                        "id": "rtbassoc-099f336a02e619967",
                        "attributes": {
                            "id": "rtbassoc-099f336a02e619967",
                            "route_table_id": "rtb-0af85721b0cd68ae4",
                            "subnet_id": "subnet-0fbbdbe315118a5e0"
                        },
                        "meta": {},
                        "tainted": false
                    },
                    "deposed": [],
                    "provider": "provider.aws"
                },
                "aws_route_table_association.public-association.0": {
                    "type": "aws_route_table_association",
                    "depends_on": [
                        "aws_route_table.publicroute",
                        "aws_subnet.public.*"
                    ],
                    "primary": {
                        "id": "rtbassoc-0ac376ebaa3fb3a34",
                        "attributes": {
                            "id": "rtbassoc-0ac376ebaa3fb3a34",
                            "route_table_id": "rtb-00ae7d4a47671bbac",
                            "subnet_id": "subnet-0bbe2a7070b0228c9"
                        },
                        "meta": {},
                        "tainted": false
                    },
                    "deposed": [],
                    "provider": "provider.aws"
                },
                "aws_route_table_association.public-association.1": {
                    "type": "aws_route_table_association",
                    "depends_on": [
                        "aws_route_table.publicroute",
                        "aws_subnet.public.*"
                    ],
                    "primary": {
                        "id": "rtbassoc-016323e155876675d",
                        "attributes": {
                            "id": "rtbassoc-016323e155876675d",
                            "route_table_id": "rtb-00ae7d4a47671bbac",
                            "subnet_id": "subnet-0da91154207bf124b"
                        },
                        "meta": {},
                        "tainted": false
                    },
                    "deposed": [],
                    "provider": "provider.aws"
                },
                "aws_security_group.cluster": {
                    "type": "aws_security_group",
                    "depends_on": [
                        "aws_vpc.vpc"
                    ],
                    "primary": {
                        "id": "sg-090bae79476617b80",
                        "attributes": {
                            "arn": "arn:aws:ec2:eu-west-1:755431656685:security-group/sg-090bae79476617b80",
                            "description": "Cluster communication with worker nodes",
                            "egress.#": "0",
                            "id": "sg-090bae79476617b80",
                            "ingress.#": "0",
                            "name": "nhs_apim_eks_cluster-terraform-sg",
                            "owner_id": "755431656685",
                            "revoke_rules_on_delete": "false",
                            "tags.%": "1",
                            "tags.Name": "nhs_apim_eks_cluster-terraform_sg",
                            "vpc_id": "vpc-00719577ee32d5125"
                        },
                        "meta": {
                            "e2bfb730-ecaa-11e6-8f88-34363bc7c4c0": {
                                "create": 600000000000,
                                "delete": 600000000000
                            },
                            "schema_version": "1"
                        },
                        "tainted": false
                    },
                    "deposed": [],
                    "provider": "provider.aws"
                },
                "aws_security_group.workers": {
                    "type": "aws_security_group",
                    "depends_on": [
                        "aws_vpc.vpc"
                    ],
                    "primary": {
                        "id": "sg-0eb1c1da5519f8f06",
                        "attributes": {
                            "arn": "arn:aws:ec2:eu-west-1:755431656685:security-group/sg-0eb1c1da5519f8f06",
                            "description": "Security group for all nodes in the cluster",
                            "egress.#": "1",
                            "egress.482069346.cidr_blocks.#": "1",
                            "egress.482069346.cidr_blocks.0": "0.0.0.0/0",
                            "egress.482069346.description": "",
                            "egress.482069346.from_port": "0",
                            "egress.482069346.ipv6_cidr_blocks.#": "0",
                            "egress.482069346.prefix_list_ids.#": "0",
                            "egress.482069346.protocol": "-1",
                            "egress.482069346.security_groups.#": "0",
                            "egress.482069346.self": "false",
                            "egress.482069346.to_port": "0",
                            "id": "sg-0eb1c1da5519f8f06",
                            "ingress.#": "0",
                            "name": "nhs_apim_worker_node_sg",
                            "owner_id": "755431656685",
                            "revoke_rules_on_delete": "false",
                            "tags.%": "2",
                            "tags.Name": "nhs_apim_worker_node_sg",
                            "tags.kubernetes.io/cluster/nhs_apim_eks_cluster-terraform": "owned",
                            "vpc_id": "vpc-00719577ee32d5125"
                        },
                        "meta": {
                            "e2bfb730-ecaa-11e6-8f88-34363bc7c4c0": {
                                "create": 600000000000,
                                "delete": 600000000000
                            },
                            "schema_version": "1"
                        },
                        "tainted": false
                    },
                    "deposed": [],
                    "provider": "provider.aws"
                },
                "aws_security_group_rule.cluster-egress-node-https": {
                    "type": "aws_security_group_rule",
                    "depends_on": [
                        "aws_security_group.cluster",
                        "aws_security_group.workers"
                    ],
                    "primary": {
                        "id": "sgrule-3458052605",
                        "attributes": {
                            "description": "Allow the cluster control plane to communicate with pods running extension API servers",
                            "from_port": "443",
                            "id": "sgrule-3458052605",
                            "protocol": "tcp",
                            "security_group_id": "sg-090bae79476617b80",
                            "self": "false",
                            "source_security_group_id": "sg-0eb1c1da5519f8f06",
                            "to_port": "443",
                            "type": "egress"
                        },
                        "meta": {
                            "schema_version": "2"
                        },
                        "tainted": false
                    },
                    "deposed": [],
                    "provider": "provider.aws"
                },
                "aws_security_group_rule.cluster-ingress-node-https": {
                    "type": "aws_security_group_rule",
                    "depends_on": [
                        "aws_security_group.cluster",
                        "aws_security_group.workers"
                    ],
                    "primary": {
                        "id": "sgrule-2551472159",
                        "attributes": {
                            "description": "Allow pods to communicate with the cluster API Server",
                            "from_port": "443",
                            "id": "sgrule-2551472159",
                            "protocol": "tcp",
                            "security_group_id": "sg-090bae79476617b80",
                            "self": "false",
                            "source_security_group_id": "sg-0eb1c1da5519f8f06",
                            "to_port": "443",
                            "type": "ingress"
                        },
                        "meta": {
                            "schema_version": "2"
                        },
                        "tainted": false
                    },
                    "deposed": [],
                    "provider": "provider.aws"
                },
                "aws_security_group_rule.node-ingress-cluster-https": {
                    "type": "aws_security_group_rule",
                    "depends_on": [
                        "aws_security_group.cluster",
                        "aws_security_group.workers"
                    ],
                    "primary": {
                        "id": "sgrule-823722445",
                        "attributes": {
                            "description": "Allow pods to communicate with port 443 to receive communication from cluster",
                            "from_port": "443",
                            "id": "sgrule-823722445",
                            "protocol": "tcp",
                            "security_group_id": "sg-0eb1c1da5519f8f06",
                            "self": "false",
                            "source_security_group_id": "sg-090bae79476617b80",
                            "to_port": "443",
                            "type": "ingress"
                        },
                        "meta": {
                            "schema_version": "2"
                        },
                        "tainted": false
                    },
                    "deposed": [],
                    "provider": "provider.aws"
                },
                "aws_security_group_rule.workers-egress-cluster": {
                    "type": "aws_security_group_rule",
                    "depends_on": [
                        "aws_security_group.cluster",
                        "aws_security_group.workers"
                    ],
                    "primary": {
                        "id": "sgrule-1459875194",
                        "attributes": {
                            "description": "Allow cluster to communicate with workers and pods",
                            "from_port": "1025",
                            "id": "sgrule-1459875194",
                            "protocol": "tcp",
                            "security_group_id": "sg-090bae79476617b80",
                            "self": "false",
                            "source_security_group_id": "sg-0eb1c1da5519f8f06",
                            "to_port": "65535",
                            "type": "egress"
                        },
                        "meta": {
                            "schema_version": "2"
                        },
                        "tainted": false
                    },
                    "deposed": [],
                    "provider": "provider.aws"
                },
                "aws_security_group_rule.workers-ingress-cluster": {
                    "type": "aws_security_group_rule",
                    "depends_on": [
                        "aws_security_group.cluster",
                        "aws_security_group.workers"
                    ],
                    "primary": {
                        "id": "sgrule-3670125923",
                        "attributes": {
                            "description": "Allow worker nodes and pods to receive communication from the cluster control plane",
                            "from_port": "1025",
                            "id": "sgrule-3670125923",
                            "protocol": "tcp",
                            "security_group_id": "sg-0eb1c1da5519f8f06",
                            "self": "false",
                            "source_security_group_id": "sg-090bae79476617b80",
                            "to_port": "65535",
                            "type": "ingress"
                        },
                        "meta": {
                            "schema_version": "2"
                        },
                        "tainted": false
                    },
                    "deposed": [],
                    "provider": "provider.aws"
                },
                "aws_security_group_rule.workers-ingress-self": {
                    "type": "aws_security_group_rule",
                    "depends_on": [
                        "aws_security_group.workers"
                    ],
                    "primary": {
                        "id": "sgrule-3926110925",
                        "attributes": {
                            "description": "Allow node to communicate with each other",
                            "from_port": "0",
                            "id": "sgrule-3926110925",
                            "protocol": "-1",
                            "security_group_id": "sg-0eb1c1da5519f8f06",
                            "self": "false",
                            "source_security_group_id": "sg-0eb1c1da5519f8f06",
                            "to_port": "65535",
                            "type": "ingress"
                        },
                        "meta": {
                            "schema_version": "2"
                        },
                        "tainted": false
                    },
                    "deposed": [],
                    "provider": "provider.aws"
                },
                "aws_subnet.private.0": {
                    "type": "aws_subnet",
                    "depends_on": [
                        "aws_vpc.vpc",
                        "data.aws_availability_zones.available"
                    ],
                    "primary": {
                        "id": "subnet-07e63cac4a20c280a",
                        "attributes": {
                            "arn": "arn:aws:ec2:eu-west-1:755431656685:subnet/subnet-07e63cac4a20c280a",
                            "assign_ipv6_address_on_creation": "false",
                            "availability_zone": "eu-west-1a",
                            "availability_zone_id": "euw1-az2",
                            "cidr_block": "10.0.2.0/24",
                            "id": "subnet-07e63cac4a20c280a",
                            "ipv6_cidr_block": "",
                            "ipv6_cidr_block_association_id": "",
                            "map_public_ip_on_launch": "false",
                            "owner_id": "755431656685",
                            "tags.%": "2",
                            "tags.Name": "nhs_apim_eks_cluster-terraform-private",
                            "tags.kubernetes.io/role/internal-elb": "1",
                            "vpc_id": "vpc-00719577ee32d5125"
                        },
                        "meta": {
                            "e2bfb730-ecaa-11e6-8f88-34363bc7c4c0": {
                                "create": 600000000000,
                                "delete": 600000000000
                            },
                            "schema_version": "1"
                        },
                        "tainted": false
                    },
                    "deposed": [],
                    "provider": "provider.aws"
                },
                "aws_subnet.private.1": {
                    "type": "aws_subnet",
                    "depends_on": [
                        "aws_vpc.vpc",
                        "data.aws_availability_zones.available"
                    ],
                    "primary": {
                        "id": "subnet-0fbbdbe315118a5e0",
                        "attributes": {
                            "arn": "arn:aws:ec2:eu-west-1:755431656685:subnet/subnet-0fbbdbe315118a5e0",
                            "assign_ipv6_address_on_creation": "false",
                            "availability_zone": "eu-west-1b",
                            "availability_zone_id": "euw1-az3",
                            "cidr_block": "10.0.3.0/24",
                            "id": "subnet-0fbbdbe315118a5e0",
                            "ipv6_cidr_block": "",
                            "ipv6_cidr_block_association_id": "",
                            "map_public_ip_on_launch": "false",
                            "owner_id": "755431656685",
                            "tags.%": "2",
                            "tags.Name": "nhs_apim_eks_cluster-terraform-private",
                            "tags.kubernetes.io/role/internal-elb": "1",
                            "vpc_id": "vpc-00719577ee32d5125"
                        },
                        "meta": {
                            "e2bfb730-ecaa-11e6-8f88-34363bc7c4c0": {
                                "create": 600000000000,
                                "delete": 600000000000
                            },
                            "schema_version": "1"
                        },
                        "tainted": false
                    },
                    "deposed": [],
                    "provider": "provider.aws"
                },
                "aws_subnet.public.0": {
                    "type": "aws_subnet",
                    "depends_on": [
                        "aws_vpc.vpc",
                        "data.aws_availability_zones.available"
                    ],
                    "primary": {
                        "id": "subnet-0bbe2a7070b0228c9",
                        "attributes": {
                            "arn": "arn:aws:ec2:eu-west-1:755431656685:subnet/subnet-0bbe2a7070b0228c9",
                            "assign_ipv6_address_on_creation": "false",
                            "availability_zone": "eu-west-1a",
                            "availability_zone_id": "euw1-az2",
                            "cidr_block": "10.0.0.0/24",
                            "id": "subnet-0bbe2a7070b0228c9",
                            "ipv6_cidr_block": "",
                            "ipv6_cidr_block_association_id": "",
                            "map_public_ip_on_launch": "false",
                            "owner_id": "755431656685",
                            "tags.%": "2",
                            "tags.Name": "nhs_apim_eks_cluster-terraform-public",
                            "tags.kubernetes.io/cluster/nhs_apim_eks_cluster-terraform": "shared",
                            "vpc_id": "vpc-00719577ee32d5125"
                        },
                        "meta": {
                            "e2bfb730-ecaa-11e6-8f88-34363bc7c4c0": {
                                "create": 600000000000,
                                "delete": 600000000000
                            },
                            "schema_version": "1"
                        },
                        "tainted": false
                    },
                    "deposed": [],
                    "provider": "provider.aws"
                },
                "aws_subnet.public.1": {
                    "type": "aws_subnet",
                    "depends_on": [
                        "aws_vpc.vpc",
                        "data.aws_availability_zones.available"
                    ],
                    "primary": {
                        "id": "subnet-0da91154207bf124b",
                        "attributes": {
                            "arn": "arn:aws:ec2:eu-west-1:755431656685:subnet/subnet-0da91154207bf124b",
                            "assign_ipv6_address_on_creation": "false",
                            "availability_zone": "eu-west-1b",
                            "availability_zone_id": "euw1-az3",
                            "cidr_block": "10.0.1.0/24",
                            "id": "subnet-0da91154207bf124b",
                            "ipv6_cidr_block": "",
                            "ipv6_cidr_block_association_id": "",
                            "map_public_ip_on_launch": "false",
                            "owner_id": "755431656685",
                            "tags.%": "2",
                            "tags.Name": "nhs_apim_eks_cluster-terraform-public",
                            "tags.kubernetes.io/cluster/nhs_apim_eks_cluster-terraform": "shared",
                            "vpc_id": "vpc-00719577ee32d5125"
                        },
                        "meta": {
                            "e2bfb730-ecaa-11e6-8f88-34363bc7c4c0": {
                                "create": 600000000000,
                                "delete": 600000000000
                            },
                            "schema_version": "1"
                        },
                        "tainted": false
                    },
                    "deposed": [],
                    "provider": "provider.aws"
                },
                "aws_vpc.vpc": {
                    "type": "aws_vpc",
                    "depends_on": [],
                    "primary": {
                        "id": "vpc-00719577ee32d5125",
                        "attributes": {
                            "arn": "arn:aws:ec2:eu-west-1:755431656685:vpc/vpc-00719577ee32d5125",
                            "assign_generated_ipv6_cidr_block": "false",
                            "cidr_block": "10.0.0.0/16",
                            "default_network_acl_id": "acl-0fb5a800ffef75d7f",
                            "default_route_table_id": "rtb-0ab3518adb2d5b918",
                            "default_security_group_id": "sg-0b97eb4ff0e9037ea",
                            "dhcp_options_id": "dopt-dd158cbb",
                            "enable_classiclink": "false",
                            "enable_classiclink_dns_support": "false",
                            "enable_dns_hostnames": "false",
                            "enable_dns_support": "true",
                            "id": "vpc-00719577ee32d5125",
                            "instance_tenancy": "default",
                            "ipv6_association_id": "",
                            "ipv6_cidr_block": "",
                            "main_route_table_id": "rtb-0ab3518adb2d5b918",
                            "owner_id": "755431656685",
                            "tags.%": "2",
                            "tags.Name": "nhs_apim_eks_cluster-terraform_vpc",
                            "tags.kubernetes.io/cluster/nhs_apim_eks_cluster-terraform": "shared"
                        },
                        "meta": {
                            "schema_version": "1"
                        },
                        "tainted": false
                    },
                    "deposed": [],
                    "provider": "provider.aws"
                },
                "data.aws_ami.eks-worker-ami": {
                    "type": "aws_ami",
                    "depends_on": [],
                    "primary": {
                        "id": "ami-00c3b2d35bddd4f5c",
                        "attributes": {
                            "architecture": "x86_64",
                            "block_device_mappings.#": "1",
                            "block_device_mappings.3798922657.device_name": "/dev/xvda",
                            "block_device_mappings.3798922657.ebs.%": "6",
                            "block_device_mappings.3798922657.ebs.delete_on_termination": "true",
                            "block_device_mappings.3798922657.ebs.encrypted": "false",
                            "block_device_mappings.3798922657.ebs.iops": "0",
                            "block_device_mappings.3798922657.ebs.snapshot_id": "snap-010578862f5c2aa55",
                            "block_device_mappings.3798922657.ebs.volume_size": "20",
                            "block_device_mappings.3798922657.ebs.volume_type": "gp2",
                            "block_device_mappings.3798922657.no_device": "",
                            "block_device_mappings.3798922657.virtual_name": "",
                            "creation_date": "2018-10-23T20:50:36.000Z",
                            "description": "EKS Kubernetes Worker AMI with AmazonLinux2 image",
                            "filter.#": "1",
                            "filter.249857641.name": "name",
                            "filter.249857641.values.#": "1",
                            "filter.249857641.values.0": "amazon-eks-node-v*",
                            "hypervisor": "xen",
                            "id": "ami-00c3b2d35bddd4f5c",
                            "image_id": "ami-00c3b2d35bddd4f5c",
                            "image_location": "602401143452/amazon-eks-node-v25",
                            "image_type": "machine",
                            "most_recent": "true",
                            "name": "amazon-eks-node-v25",
                            "owner_id": "602401143452",
                            "owners.#": "1",
                            "owners.0": "602401143452",
                            "product_codes.#": "0",
                            "public": "true",
                            "root_device_name": "/dev/xvda",
                            "root_device_type": "ebs",
                            "root_snapshot_id": "snap-010578862f5c2aa55",
                            "sriov_net_support": "simple",
                            "state": "available",
                            "state_reason.%": "2",
                            "state_reason.code": "UNSET",
                            "state_reason.message": "UNSET",
                            "tags.%": "0",
                            "virtualization_type": "hvm"
                        },
                        "meta": {},
                        "tainted": false
                    },
                    "deposed": [],
                    "provider": "provider.aws"
                },
                "data.aws_availability_zones.available": {
                    "type": "aws_availability_zones",
                    "depends_on": [],
                    "primary": {
                        "id": "2018-12-20 12:01:13.0271025 +0000 UTC",
                        "attributes": {
                            "id": "2018-12-20 12:01:13.0271025 +0000 UTC",
                            "names.#": "3",
                            "names.0": "eu-west-1a",
                            "names.1": "eu-west-1b",
                            "names.2": "eu-west-1c",
                            "zone_ids.#": "3",
                            "zone_ids.0": "euw1-az2",
                            "zone_ids.1": "euw1-az3",
                            "zone_ids.2": "euw1-az1"
                        },
                        "meta": {},
                        "tainted": false
                    },
                    "deposed": [],
                    "provider": "provider.aws"
                },
                "data.aws_region.current": {
                    "type": "aws_region",
                    "depends_on": [],
                    "primary": {
                        "id": "eu-west-1",
                        "attributes": {
                            "current": "true",
                            "description": "EU (Ireland)",
                            "endpoint": "ec2.eu-west-1.amazonaws.com",
                            "id": "eu-west-1",
                            "name": "eu-west-1"
                        },
                        "meta": {},
                        "tainted": false
                    },
                    "deposed": [],
                    "provider": "provider.aws"
                }
            },
            "depends_on": []
        }
    ]
}
